
Microsoft Visual Studio Solution File, Format Version 12.00
# Visual Studio Version 17
VisualStudioVersion = 17.2.32516.85
MinimumVisualStudioVersion = 10.0.40219.1
Project("{FAE04EC0-301F-11D3-BF4B-00C04F79EFBC}") = "DemoBootstrap", "DemoBootstrap\DemoBootstrap.csproj", "{9AB1F314-6D42-45E7-8307-005CF8BF3603}"
EndProject
Global
	GlobalSection(SolutionConfigurationPlatforms) = preSolution
		Debug|Any CPU = Debug|Any CPU
		Release|Any CPU = Release|Any CPU
	EndGlobalSection
	GlobalSection(ProjectConfigurationPlatforms) = postSolution
		{9AB1F314-6D42-45E7-8307-005CF8BF3603}.Debug|Any CPU.ActiveCfg = Debug|Any CPU
		{9AB1F314-6D42-45E7-8307-005CF8BF3603}.Debug|Any CPU.Build.0 = Debug|Any CPU
		{9AB1F314-6D42-45E7-8307-005CF8BF3603}.Release|Any CPU.ActiveCfg = Release|Any CPU
		{9AB1F314-6D42-45E7-8307-005CF8BF3603}.Release|Any CPU.Build.0 = Release|Any CPU
	EndGlobalSection
	GlobalSection(SolutionProperties) = preSolution
		HideSolutionNode = FALSE
	EndGlobalSection
	GlobalSection(ExtensibilityGlobals) = postSolution
		SolutionGuid = {B417A5DB-9BD2-472F-B977-A8CA7834D5AA}
	EndGlobalSection
EndGlobal
